
Microsoft Visual Studio Solution File, Format Version 12.00
# Visual Studio Version 17
VisualStudioVersion = 17.13.35825.156 d17.13
MinimumVisualStudioVersion = 10.0.40219.1
Project("{FAE04EC0-301F-11D3-BF4B-00C04F79EFBC}") = "incomeScore", "incomeScore\incomeScore.csproj", "{BDFED54C-6F77-4CFF-A90C-E0F6E162D7D8}"
EndProject
Global
	GlobalSection(SolutionConfigurationPlatforms) = preSolution
		Debug|Any CPU = Debug|Any CPU
		Release|Any CPU = Release|Any CPU
	EndGlobalSection
	GlobalSection(ProjectConfigurationPlatforms) = postSolution
		{BDFED54C-6F77-4CFF-A90C-E0F6E162D7D8}.Debug|Any CPU.ActiveCfg = Debug|Any CPU
		{BDFED54C-6F77-4CFF-A90C-E0F6E162D7D8}.Debug|Any CPU.Build.0 = Debug|Any CPU
		{BDFED54C-6F77-4CFF-A90C-E0F6E162D7D8}.Release|Any CPU.ActiveCfg = Release|Any CPU
		{BDFED54C-6F77-4CFF-A90C-E0F6E162D7D8}.Release|Any CPU.Build.0 = Release|Any CPU
	EndGlobalSection
	GlobalSection(SolutionProperties) = preSolution
		HideSolutionNode = FALSE
	EndGlobalSection
	GlobalSection(ExtensibilityGlobals) = postSolution
		SolutionGuid = {0F852987-1559-450C-83E7-2B4C51F12189}
	EndGlobalSection
EndGlobal
