
Microsoft Visual Studio Solution File, Format Version 12.00
# Visual Studio Version 17
VisualStudioVersion = 17.13.35825.156 d17.13
MinimumVisualStudioVersion = 10.0.40219.1
Project("{FAE04EC0-301F-11D3-BF4B-00C04F79EFBC}") = "arrayAddition", "arrayAddition\arrayAddition.csproj", "{324A317F-01D5-43A9-9068-EB0277B7E574}"
EndProject
Global
	GlobalSection(SolutionConfigurationPlatforms) = preSolution
		Debug|Any CPU = Debug|Any CPU
		Release|Any CPU = Release|Any CPU
	EndGlobalSection
	GlobalSection(ProjectConfigurationPlatforms) = postSolution
		{324A317F-01D5-43A9-9068-EB0277B7E574}.Debug|Any CPU.ActiveCfg = Debug|Any CPU
		{324A317F-01D5-43A9-9068-EB0277B7E574}.Debug|Any CPU.Build.0 = Debug|Any CPU
		{324A317F-01D5-43A9-9068-EB0277B7E574}.Release|Any CPU.ActiveCfg = Release|Any CPU
		{324A317F-01D5-43A9-9068-EB0277B7E574}.Release|Any CPU.Build.0 = Release|Any CPU
	EndGlobalSection
	GlobalSection(SolutionProperties) = preSolution
		HideSolutionNode = FALSE
	EndGlobalSection
	GlobalSection(ExtensibilityGlobals) = postSolution
		SolutionGuid = {A412E1C3-5139-482A-9232-9075A3FF2A4E}
	EndGlobalSection
EndGlobal
