
Microsoft Visual Studio Solution File, Format Version 12.00
# Visual Studio Version 17
VisualStudioVersion = 17.13.35825.156 d17.13
MinimumVisualStudioVersion = 10.0.40219.1
Project("{FAE04EC0-301F-11D3-BF4B-00C04F79EFBC}") = "classWork10", "classWork10\classWork10.csproj", "{698F28A1-993E-4808-B16A-F0C92F9995F1}"
EndProject
Global
	GlobalSection(SolutionConfigurationPlatforms) = preSolution
		Debug|Any CPU = Debug|Any CPU
		Release|Any CPU = Release|Any CPU
	EndGlobalSection
	GlobalSection(ProjectConfigurationPlatforms) = postSolution
		{698F28A1-993E-4808-B16A-F0C92F9995F1}.Debug|Any CPU.ActiveCfg = Debug|Any CPU
		{698F28A1-993E-4808-B16A-F0C92F9995F1}.Debug|Any CPU.Build.0 = Debug|Any CPU
		{698F28A1-993E-4808-B16A-F0C92F9995F1}.Release|Any CPU.ActiveCfg = Release|Any CPU
		{698F28A1-993E-4808-B16A-F0C92F9995F1}.Release|Any CPU.Build.0 = Release|Any CPU
	EndGlobalSection
	GlobalSection(SolutionProperties) = preSolution
		HideSolutionNode = FALSE
	EndGlobalSection
	GlobalSection(ExtensibilityGlobals) = postSolution
		SolutionGuid = {62B0191A-A4AA-4942-AB23-C457D4E867F5}
	EndGlobalSection
EndGlobal
