
Microsoft Visual Studio Solution File, Format Version 12.00
# Visual Studio Version 17
VisualStudioVersion = 17.11.35327.3
MinimumVisualStudioVersion = 10.0.40219.1
Project("{FAE04EC0-301F-11D3-BF4B-00C04F79EFBC}") = "Garment Company", "Garment Company.csproj", "{879F0CBA-0001-4A70-B9CF-388B8598B43A}"
EndProject
Global
	GlobalSection(SolutionConfigurationPlatforms) = preSolution
		Debug|Any CPU = Debug|Any CPU
		Release|Any CPU = Release|Any CPU
	EndGlobalSection
	GlobalSection(ProjectConfigurationPlatforms) = postSolution
		{879F0CBA-0001-4A70-B9CF-388B8598B43A}.Debug|Any CPU.ActiveCfg = Debug|Any CPU
		{879F0CBA-0001-4A70-B9CF-388B8598B43A}.Debug|Any CPU.Build.0 = Debug|Any CPU
		{879F0CBA-0001-4A70-B9CF-388B8598B43A}.Release|Any CPU.ActiveCfg = Release|Any CPU
		{879F0CBA-0001-4A70-B9CF-388B8598B43A}.Release|Any CPU.Build.0 = Release|Any CPU
	EndGlobalSection
	GlobalSection(SolutionProperties) = preSolution
		HideSolutionNode = FALSE
	EndGlobalSection
	GlobalSection(ExtensibilityGlobals) = postSolution
		SolutionGuid = {ACC94607-1147-4132-9AAD-6BF6F017DE84}
	EndGlobalSection
EndGlobal
