
Microsoft Visual Studio Solution File, Format Version 12.00
# Visual Studio Version 17
VisualStudioVersion = 17.13.35825.156 d17.13
MinimumVisualStudioVersion = 10.0.40219.1
Project("{FAE04EC0-301F-11D3-BF4B-00C04F79EFBC}") = "totalCost", "totalCost\totalCost.csproj", "{B3B8B914-4CFB-4FCC-B343-C9C2248E6B6F}"
EndProject
Global
	GlobalSection(SolutionConfigurationPlatforms) = preSolution
		Debug|Any CPU = Debug|Any CPU
		Release|Any CPU = Release|Any CPU
	EndGlobalSection
	GlobalSection(ProjectConfigurationPlatforms) = postSolution
		{B3B8B914-4CFB-4FCC-B343-C9C2248E6B6F}.Debug|Any CPU.ActiveCfg = Debug|Any CPU
		{B3B8B914-4CFB-4FCC-B343-C9C2248E6B6F}.Debug|Any CPU.Build.0 = Debug|Any CPU
		{B3B8B914-4CFB-4FCC-B343-C9C2248E6B6F}.Release|Any CPU.ActiveCfg = Release|Any CPU
		{B3B8B914-4CFB-4FCC-B343-C9C2248E6B6F}.Release|Any CPU.Build.0 = Release|Any CPU
	EndGlobalSection
	GlobalSection(SolutionProperties) = preSolution
		HideSolutionNode = FALSE
	EndGlobalSection
	GlobalSection(ExtensibilityGlobals) = postSolution
		SolutionGuid = {E4688C65-89F1-4002-8FB9-C8501984577B}
	EndGlobalSection
EndGlobal
